{
    "_meta": {
        "hash": {
            "sha256": "264dbd06a6a3b0ab7b7f36b43646d47a38698256149fe347beae04ec104494c4"
        },
        "host-environment-markers": {
            "implementation_name": "cpython",
            "implementation_version": "0",
            "os_name": "posix",
            "platform_machine": "x86_64",
            "platform_python_implementation": "CPython",
            "platform_release": "17.3.0",
            "platform_system": "Darwin",
            "platform_version": "Darwin Kernel Version 17.3.0: Thu Nov  9 18:09:22 PST 2017; root:xnu-4570.31.3~1/RELEASE_X86_64",
            "python_full_version": "2.7.10",
            "python_version": "2.7",
            "sys_platform": "darwin"
        },
        "pipfile-spec": 6,
        "requires": {},
        "sources": [
            {
                "name": "pypi",
                "url": "https://pypi.python.org/simple",
                "verify_ssl": true
            }
        ]
    },
    "default": {
        "neo4j-driver": {
            "hashes": [
                "sha256:a25c9b67e63403b6ca8114d18bee581d2cff032cdc89c68970a4be8cd30585d0"
            ],
            "version": "==1.5.3"
        }
    },
    "develop": {}
}
